<?xml version="1.0" encoding="utf-8"?>
<Project ToolsVersion="4.0" xmlns="http://schemas.microsoft.com/developer/msbuild/2003">
  <ItemGroup>
    <ClCompile Include="dir_reader.c">
      <Filter>Source</Filter>
    </ClCompile>
    <ClCompile Include="dir_writer.c">
      <Filter>Source</Filter>
    </ClCompile>
    <ClCompile Include="frag_table.c">
      <Filter>Source</Filter>
    </ClCompile>
    <ClCompile Include="id_table.c">
      <Filter>Source</Filter>
    </ClCompile>
    <ClCompile Include="data_reader.c">
      <Filter>Source</Filter>
    </ClCompile>
    <ClCompile Include="block_writer.c">
      <Filter>Source</Filter>
    </ClCompile>
    <ClCompile Include="inode.c">
      <Filter>Source</Filter>
    </ClCompile>
    <ClCompile Include="win32\io_file.c">
      <Filter>Source</Filter>
    </ClCompile>
    <ClCompile Include="meta_reader.c">
      <Filter>Source</Filter>
    </ClCompile>
    <ClCompile Include="meta_writer.c">
      <Filter>Source</Filter>
    </ClCompile>
    <ClCompile Include="read_inode.c">
      <Filter>Source</Filter>
    </ClCompile>
    <ClCompile Include="read_super.c">
      <Filter>Source</Filter>
    </ClCompile>
    <ClCompile Include="read_table.c">
      <Filter>Source</Filter>
    </ClCompile>
    <ClCompile Include="read_tree.c">
      <Filter>Source</Filter>
    </ClCompile>
    <ClCompile Include="readdir.c">
      <Filter>Source</Filter>
    </ClCompile>
    <ClCompile Include="write_inode.c">
      <Filter>Source</Filter>
    </ClCompile>
    <ClCompile Include="write_super.c">
      <Filter>Source</Filter>
    </ClCompile>
    <ClCompile Include="write_table.c">
      <Filter>Source</Filter>
    </ClCompile>
    <ClCompile Include="xattr.c">
      <Filter>Source</Filter>
    </ClCompile>
    <ClCompile Include="xattr_reader.c">
      <Filter>Source</Filter>
    </ClCompile>
    <ClCompile Include="xattr_writer.c">
      <Filter>Source</Filter>
    </ClCompile>
    <ClCompile Include="super.c">
      <Filter>Source</Filter>
    </ClCompile>
    <ClCompile Include="comp\zlib\adler32.c">
      <Filter>zlib</Filter>
    </ClCompile>
    <ClCompile Include="comp\zlib\deflate.c">
      <Filter>zlib</Filter>
    </ClCompile>
    <ClCompile Include="comp\zlib\inffast.c">
      <Filter>zlib</Filter>
    </ClCompile>
    <ClCompile Include="comp\zlib\inflate.c">
      <Filter>zlib</Filter>
    </ClCompile>
    <ClCompile Include="comp\zlib\inftrees.c">
      <Filter>zlib</Filter>
    </ClCompile>
    <ClCompile Include="comp\zlib\trees.c">
      <Filter>zlib</Filter>
    </ClCompile>
    <ClCompile Include="comp\zlib\zutil.c">
      <Filter>zlib</Filter>
    </ClCompile>
    <ClCompile Include="comp\lz4\lz4.c">
      <Filter>lz4</Filter>
    </ClCompile>
    <ClCompile Include="comp\lz4\lz4hc.c">
      <Filter>lz4</Filter>
    </ClCompile>
    <ClCompile Include="comp\gzip.c">
      <Filter>Source\compressor</Filter>
    </ClCompile>
    <ClCompile Include="comp\lz4.c">
      <Filter>Source\compressor</Filter>
    </ClCompile>
    <ClCompile Include="comp\compressor.c">
      <Filter>Source\compressor</Filter>
    </ClCompile>
    <ClCompile Include="block_processor\common.c">
      <Filter>Source\block_processor</Filter>
    </ClCompile>
    <ClCompile Include="block_processor\winpthread.c">
      <Filter>Source\block_processor</Filter>
    </ClCompile>
    <ClCompile Include="..\util\alloc.c">
      <Filter>Source\util</Filter>
    </ClCompile>
    <ClCompile Include="..\util\str_table.c">
      <Filter>Source\util</Filter>
    </ClCompile>
    <ClCompile Include="..\util\xxhash.c">
      <Filter>Source\util</Filter>
    </ClCompile>
  </ItemGroup>
  <ItemGroup>
    <ClInclude Include="..\..\include\sqfs\block.h">
      <Filter>Headers</Filter>
    </ClInclude>
    <ClInclude Include="..\..\include\sqfs\block_processor.h">
      <Filter>Headers</Filter>
    </ClInclude>
    <ClInclude Include="..\..\include\sqfs\block_writer.h">
      <Filter>Headers</Filter>
    </ClInclude>
    <ClInclude Include="..\..\include\sqfs\compressor.h">
      <Filter>Headers</Filter>
    </ClInclude>
    <ClInclude Include="..\..\include\win32\config.h">
      <Filter>Headers</Filter>
    </ClInclude>
    <ClInclude Include="..\..\include\sqfs\data_reader.h">
      <Filter>Headers</Filter>
    </ClInclude>
    <ClInclude Include="..\..\include\sqfs\dir.h">
      <Filter>Headers</Filter>
    </ClInclude>
    <ClInclude Include="..\..\include\sqfs\dir_reader.h">
      <Filter>Headers</Filter>
    </ClInclude>
    <ClInclude Include="..\..\include\sqfs\dir_writer.h">
      <Filter>Headers</Filter>
    </ClInclude>
    <ClInclude Include="..\..\include\sqfs\error.h">
      <Filter>Headers</Filter>
    </ClInclude>
    <ClInclude Include="..\..\include\sqfs\frag_table.h">
      <Filter>Headers</Filter>
    </ClInclude>
    <ClInclude Include="..\..\include\sqfs\id_table.h">
      <Filter>Headers</Filter>
    </ClInclude>
    <ClInclude Include="..\..\include\sqfs\inode.h">
      <Filter>Headers</Filter>
    </ClInclude>
    <ClInclude Include="..\..\include\sqfs\io.h">
      <Filter>Headers</Filter>
    </ClInclude>
    <ClInclude Include="..\..\include\sqfs\meta_reader.h">
      <Filter>Headers</Filter>
    </ClInclude>
    <ClInclude Include="..\..\include\sqfs\meta_writer.h">
      <Filter>Headers</Filter>
    </ClInclude>
    <ClInclude Include="..\..\include\sqfs\predef.h">
      <Filter>Headers</Filter>
    </ClInclude>
    <ClInclude Include="..\..\include\sqfs\super.h">
      <Filter>Headers</Filter>
    </ClInclude>
    <ClInclude Include="..\..\include\sqfs\table.h">
      <Filter>Headers</Filter>
    </ClInclude>
    <ClInclude Include="..\..\include\sqfs\xattr.h">
      <Filter>Headers</Filter>
    </ClInclude>
    <ClInclude Include="..\..\include\sqfs\xattr_reader.h">
      <Filter>Headers</Filter>
    </ClInclude>
    <ClInclude Include="..\..\include\sqfs\xattr_writer.h">
      <Filter>Headers</Filter>
    </ClInclude>
    <ClInclude Include="comp\zlib\deflate.h">
      <Filter>zlib</Filter>
    </ClInclude>
    <ClInclude Include="comp\zlib\inffast.h">
      <Filter>zlib</Filter>
    </ClInclude>
    <ClInclude Include="comp\zlib\inffixed.h">
      <Filter>zlib</Filter>
    </ClInclude>
    <ClInclude Include="comp\zlib\inflate.h">
      <Filter>zlib</Filter>
    </ClInclude>
    <ClInclude Include="comp\zlib\inftrees.h">
      <Filter>zlib</Filter>
    </ClInclude>
    <ClInclude Include="comp\zlib\trees.h">
      <Filter>zlib</Filter>
    </ClInclude>
    <ClInclude Include="comp\zlib\zconf.h">
      <Filter>zlib</Filter>
    </ClInclude>
    <ClInclude Include="comp\zlib\zlib.h">
      <Filter>zlib</Filter>
    </ClInclude>
    <ClInclude Include="comp\zlib\zutil.h">
      <Filter>zlib</Filter>
    </ClInclude>
    <ClInclude Include="comp\lz4\lz4.h">
      <Filter>lz4</Filter>
    </ClInclude>
    <ClInclude Include="comp\lz4\lz4hc.h">
      <Filter>lz4</Filter>
    </ClInclude>
    <ClInclude Include="comp\internal.h">
      <Filter>Source\compressor</Filter>
    </ClInclude>
    <ClInclude Include="block_processor\internal.h">
      <Filter>Source\block_processor</Filter>
    </ClInclude>
  </ItemGroup>
  <ItemGroup>
    <Filter Include="Headers">
      <UniqueIdentifier>{7491bf84-10be-447e-b7ed-1efe7d8f7ecb}</UniqueIdentifier>
    </Filter>
    <Filter Include="Source">
      <UniqueIdentifier>{1fcaa3ae-6b0e-47e5-a056-77b9fac9dee5}</UniqueIdentifier>
    </Filter>
    <Filter Include="zlib">
      <UniqueIdentifier>{68726ace-d1ef-4224-a540-f4389f756ba6}</UniqueIdentifier>
    </Filter>
    <Filter Include="lz4">
      <UniqueIdentifier>{f744d8a3-0eba-42c6-9893-8fc624cdbb52}</UniqueIdentifier>
    </Filter>
    <Filter Include="Source\compressor">
      <UniqueIdentifier>{1d8f9cc9-e8b4-45a9-89c3-5e7311aab932}</UniqueIdentifier>
    </Filter>
    <Filter Include="Source\block_processor">
      <UniqueIdentifier>{42849c38-796f-488a-bcab-f33387d801d5}</UniqueIdentifier>
    </Filter>
    <Filter Include="Source\util">
      <UniqueIdentifier>{7605c915-b715-4a1c-b329-2234d16d0de1}</UniqueIdentifier>
    </Filter>
  </ItemGroup>
</Project>