<?xml version="1.0" encoding="utf-8"?>
<Project ToolsVersion="4.0" xmlns="http://schemas.microsoft.com/developer/msbuild/2003">
  <ItemGroup>
    <Filter Include="Headers">
      <UniqueIdentifier>{93995380-89BD-4b04-88EB-625FBE52EBFB}</UniqueIdentifier>
      <Extensions>h;hh;hpp;hxx;h++;hm;inl;inc;ipp;xsd</Extensions>
    </Filter>
    <Filter Include="Source">
      <UniqueIdentifier>{4FC737F1-C7A5-4376-A066-2A32D752A2FF}</UniqueIdentifier>
      <Extensions>cpp;c;cc;cxx;c++;def;odl;idl;hpj;bat;asm;asmx</Extensions>
    </Filter>
  </ItemGroup>
  <ItemGroup>
    <ClCompile Include="fstree_sort.c">
      <Filter>Source</Filter>
    </ClCompile>
    <ClCompile Include="get_by_path.c">
      <Filter>Source</Filter>
    </ClCompile>
    <ClCompile Include="get_path.c">
      <Filter>Source</Filter>
    </ClCompile>
    <ClCompile Include="hardlink.c">
      <Filter>Source</Filter>
    </ClCompile>
    <ClCompile Include="mknode.c">
      <Filter>Source</Filter>
    </ClCompile>
    <ClCompile Include="post_process.c">
      <Filter>Source</Filter>
    </ClCompile>
    <ClCompile Include="source_date_epoch.c">
      <Filter>Source</Filter>
    </ClCompile>
    <ClCompile Include="add_by_path.c">
      <Filter>Source</Filter>
    </ClCompile>
    <ClCompile Include="canonicalize_name.c">
      <Filter>Source</Filter>
    </ClCompile>
    <ClCompile Include="filename_sane.c">
      <Filter>Source</Filter>
    </ClCompile>
    <ClCompile Include="fstree.c">
      <Filter>Source</Filter>
    </ClCompile>
    <ClCompile Include="fstree_from_file.c">
      <Filter>Source</Filter>
    </ClCompile>
  </ItemGroup>
  <ItemGroup>
    <ClInclude Include="internal.h">
      <Filter>Headers</Filter>
    </ClInclude>
    <ClInclude Include="..\..\include\win32\config.h">
      <Filter>Headers</Filter>
    </ClInclude>
    <ClInclude Include="..\..\include\fstree.h">
      <Filter>Headers</Filter>
    </ClInclude>
  </ItemGroup>
</Project>